
Microsoft Visual Studio Solution File, Format Version 12.00
# Visual Studio 15
Project("{FAE04EC0-301F-11D3-BF4B-00C04F79EFBC}") = "BestBuy", "BestBuy\BestBuy.csproj", "{FB6D0ACA-4692-45E3-97D7-58FD9DEBA07C}"
EndProject
Project("{FAE04EC0-301F-11D3-BF4B-00C04F79EFBC}") = "BestBuyTests", "BestBuyTests\BestBuyTests.csproj", "{59F08D98-47C7-42A5-A554-AFAE7F92B213}"
EndProject
Global
	GlobalSection(SolutionConfigurationPlatforms) = preSolution
		Debug|Any CPU = Debug|Any CPU
		Release|Any CPU = Release|Any CPU
	EndGlobalSection
	GlobalSection(ProjectConfigurationPlatforms) = postSolution
		{FB6D0ACA-4692-45E3-97D7-58FD9DEBA07C}.Debug|Any CPU.ActiveCfg = Debug|Any CPU
		{FB6D0ACA-4692-45E3-97D7-58FD9DEBA07C}.Debug|Any CPU.Build.0 = Debug|Any CPU
		{FB6D0ACA-4692-45E3-97D7-58FD9DEBA07C}.Release|Any CPU.ActiveCfg = Release|Any CPU
		{FB6D0ACA-4692-45E3-97D7-58FD9DEBA07C}.Release|Any CPU.Build.0 = Release|Any CPU
		{59F08D98-47C7-42A5-A554-AFAE7F92B213}.Debug|Any CPU.ActiveCfg = Debug|Any CPU
		{59F08D98-47C7-42A5-A554-AFAE7F92B213}.Debug|Any CPU.Build.0 = Debug|Any CPU
		{59F08D98-47C7-42A5-A554-AFAE7F92B213}.Release|Any CPU.ActiveCfg = Release|Any CPU
		{59F08D98-47C7-42A5-A554-AFAE7F92B213}.Release|Any CPU.Build.0 = Release|Any CPU
	EndGlobalSection
EndGlobal
